{
  "name": "vscode-json-languageserver",
  "version": "1.0.0",
  "lockfileVersion": 1,
  "requires": true,
  "dependencies": {
    "@types/node": {
      "version": "7.0.43",
      "resolved": "https://registry.npmjs.org/@types/node/-/node-7.0.43.tgz",
      "integrity": "sha512-7scYwwfHNppXvH/9JzakbVxk0o0QUILVk1Lv64GRaxwPuGpnF1QBiwdvhDpLcymb8BpomQL3KYoWKq3wUdDMhQ==",
      "dev": true
    },
    "agent-base": {
      "version": "1.0.2",
      "resolved": "https://registry.npmjs.org/agent-base/-/agent-base-1.0.2.tgz",
      "integrity": "sha1-aJDT+yFwBLYrcPiSjg+uX4lSpwY="
    },
    "debug": {
      "version": "2.6.6",
      "resolved": "https://registry.npmjs.org/debug/-/debug-2.6.6.tgz",
      "integrity": "sha1-qfpvvpykPPHnn3O3XAGJy7fW21o=",
      "requires": {
        "ms": "0.7.3"
      }
    },
    "extend": {
      "version": "3.0.1",
      "resolved": "https://registry.npmjs.org/extend/-/extend-3.0.1.tgz",
      "integrity": "sha1-p1Xqe8Gt/MWjHOfnYtuq3F5jZEQ="
    },
    "http-proxy-agent": {
      "version": "0.2.7",
      "resolved": "https://registry.npmjs.org/http-proxy-agent/-/http-proxy-agent-0.2.7.tgz",
      "integrity": "sha1-4X/aZfCQLZUs55IeYsf/iGJlWl4=",
      "requires": {
        "agent-base": "1.0.2",
        "debug": "2.6.6",
        "extend": "3.0.1"
      }
    },
    "https-proxy-agent": {
      "version": "0.3.6",
      "resolved": "https://registry.npmjs.org/https-proxy-agent/-/https-proxy-agent-0.3.6.tgz",
      "integrity": "sha1-cT+jjl01P1DrFKNC/r4pAz7RYZs=",
      "requires": {
        "agent-base": "1.0.2",
        "debug": "2.6.6",
        "extend": "3.0.1"
      }
    },
    "jsonc-parser": {
      "version": "1.0.0",
      "resolved": "https://registry.npmjs.org/jsonc-parser/-/jsonc-parser-1.0.0.tgz",
      "integrity": "sha1-3cyGSucI5gp6bdNtrqABcvqNknI="
    },
    "ms": {
      "version": "0.7.3",
      "resolved": "https://registry.npmjs.org/ms/-/ms-0.7.3.tgz",
      "integrity": "sha1-cIFVpeROM/X9D8U+gdDUCpG+H/8="
    },
    "request-light": {
      "version": "0.2.1",
      "resolved": "https://registry.npmjs.org/request-light/-/request-light-0.2.1.tgz",
      "integrity": "sha1-mG9agok+nRymqJbr5vRsUca0VX8=",
      "requires": {
        "http-proxy-agent": "0.2.7",
        "https-proxy-agent": "0.3.6",
        "vscode-nls": "2.0.2"
      }
    },
    "vscode-json-languageservice": {
      "version": "2.0.22",
      "resolved": "https://registry.npmjs.org/vscode-json-languageservice/-/vscode-json-languageservice-2.0.22.tgz",
      "integrity": "sha1-XnXRQ0t42GFtnAyMysjd997lvMA=",
      "requires": {
        "jsonc-parser": "1.0.0",
        "vscode-languageserver-types": "3.4.0",
        "vscode-nls": "2.0.2",
        "vscode-uri": "1.0.1"
      }
    },
    "vscode-jsonrpc": {
      "version": "3.5.0-next.1",
      "resolved": "https://registry.npmjs.org/vscode-jsonrpc/-/vscode-jsonrpc-3.5.0-next.1.tgz",
      "integrity": "sha1-AmQ+I1toWNwxf5cu6w/xMN7zeAY="
    },
    "vscode-languageserver": {
      "version": "3.5.0-next.2",
      "resolved": "https://registry.npmjs.org/vscode-languageserver/-/vscode-languageserver-3.5.0-next.2.tgz",
      "integrity": "sha1-3O6sm0Snx3b5X2RYKQEYq3JeRjw=",
      "requires": {
        "vscode-languageserver-protocol": "3.5.0-next.3",
        "vscode-uri": "1.0.1"
      }
    },
    "vscode-languageserver-protocol": {
      "version": "3.5.0-next.3",
      "resolved": "https://registry.npmjs.org/vscode-languageserver-protocol/-/vscode-languageserver-protocol-3.5.0-next.3.tgz",
      "integrity": "sha1-xmD0siUMeU6s+DJTJogYIN/iZxo=",
      "requires": {
        "vscode-jsonrpc": "3.5.0-next.1",
        "vscode-languageserver-types": "3.5.0-next.1"
      },
      "dependencies": {
        "vscode-languageserver-types": {
          "version": "3.5.0-next.1",
          "resolved": "https://registry.npmjs.org/vscode-languageserver-types/-/vscode-languageserver-types-3.5.0-next.1.tgz",
          "integrity": "sha1-8nKTWw12whoyYRAmBiPelpgb06s="
        }
      }
    },
    "vscode-languageserver-types": {
      "version": "3.4.0",
      "resolved": "https://registry.npmjs.org/vscode-languageserver-types/-/vscode-languageserver-types-3.4.0.tgz",
      "integrity": "sha1-UEOuR+5KwWrwe7PQylYSNeDA0vo="
    },
    "vscode-nls": {
      "version": "2.0.2",
      "resolved": "https://registry.npmjs.org/vscode-nls/-/vscode-nls-2.0.2.tgz",
      "integrity": "sha1-gIUiOAhEuK0VNJmvXDsDkhrqAto="
    },
    "vscode-uri": {
      "version": "1.0.1",
      "resolved": "https://registry.npmjs.org/vscode-uri/-/vscode-uri-1.0.1.tgz",
      "integrity": "sha1-Eahr7+rDxKo+wIYjZRo8gabQu8g="
    }
  }
}
